
Microsoft Visual Studio Solution File, Format Version 12.00
# Visual Studio Version 16
VisualStudioVersion = 16.0.31624.102
MinimumVisualStudioVersion = 10.0.40219.1
Project("{9A19103F-16F7-4668-BE54-9A1E7A4F7556}") = "BasicCrud", "BasicCrud\BasicCrud.csproj", "{F7D4D3F3-FD2C-45C3-A2B9-F70709908BED}"
EndProject
Global
	GlobalSection(SolutionConfigurationPlatforms) = preSolution
		Debug|Any CPU = Debug|Any CPU
		Release|Any CPU = Release|Any CPU
	EndGlobalSection
	GlobalSection(ProjectConfigurationPlatforms) = postSolution
		{F7D4D3F3-FD2C-45C3-A2B9-F70709908BED}.Debug|Any CPU.ActiveCfg = Debug|Any CPU
		{F7D4D3F3-FD2C-45C3-A2B9-F70709908BED}.Debug|Any CPU.Build.0 = Debug|Any CPU
		{F7D4D3F3-FD2C-45C3-A2B9-F70709908BED}.Release|Any CPU.ActiveCfg = Release|Any CPU
		{F7D4D3F3-FD2C-45C3-A2B9-F70709908BED}.Release|Any CPU.Build.0 = Release|Any CPU
	EndGlobalSection
	GlobalSection(SolutionProperties) = preSolution
		HideSolutionNode = FALSE
	EndGlobalSection
	GlobalSection(ExtensibilityGlobals) = postSolution
		SolutionGuid = {8226C213-DCE5-4D4F-B02A-9094D42276C6}
	EndGlobalSection
EndGlobal
